
Microsoft Visual Studio Solution File, Format Version 12.00
# Visual Studio Version 17
VisualStudioVersion = 17.14.36717.8
MinimumVisualStudioVersion = 10.0.40219.1
Project("{FAE04EC0-301F-11D3-BF4B-00C04F79EFBC}") = "LGMPulse.WebApp", "LGMPulse.WebApp\LGMPulse.WebApp.csproj", "{EC9EE394-8CC7-47F1-8037-14846B39C60D}"
EndProject
Project("{2150E333-8FDC-42A3-9474-1A3956D46DE8}") = "1-Presentation", "1-Presentation", "{02EA681E-C7D8-13C7-8484-4AC65E1B71E8}"
EndProject
Project("{2150E333-8FDC-42A3-9474-1A3956D46DE8}") = "2-Application", "2-Application", "{536A6CD2-5C88-4285-8EC8-84C988194695}"
EndProject
Project("{2150E333-8FDC-42A3-9474-1A3956D46DE8}") = "3-Infrastructure", "3-Infrastructure", "{8F8D1237-0A9F-483F-A8C9-A0BDC95672C7}"
EndProject
Project("{2150E333-8FDC-42A3-9474-1A3956D46DE8}") = "4-Domain", "4-Domain", "{F6527E83-6D6E-473E-8976-842FD7DC6359}"
EndProject
Project("{FAE04EC0-301F-11D3-BF4B-00C04F79EFBC}") = "LGMDomains.Common", "..\LGMDomains\LGMDomains.Common\LGMDomains.Common.csproj", "{E5AA5E33-CB63-BE0D-A805-86E438FC639A}"
EndProject
Project("{FAE04EC0-301F-11D3-BF4B-00C04F79EFBC}") = "LGMDomains.Identity", "..\LGMDomains\LGMDomains.Identity\LGMDomains.Identity.csproj", "{76AB89D8-FFF8-DCCD-AB63-F29C645F035F}"
EndProject
Project("{FAE04EC0-301F-11D3-BF4B-00C04F79EFBC}") = "LGMDAL", "..\LGMDAL\LGMDAL.csproj", "{2808F4F6-00FB-8138-9B4C-83426B00FF60}"
EndProject
Project("{FAE04EC0-301F-11D3-BF4B-00C04F79EFBC}") = "LGMPulse.AppServices", "LGMPulse.AppServices\LGMPulse.AppServices.csproj", "{C47677AF-237D-4577-9F72-53A9DBCE9A3F}"
EndProject
Project("{FAE04EC0-301F-11D3-BF4B-00C04F79EFBC}") = "LGMPulse.Connections", "LGMPulse.Connections\LGMPulse.Connections.csproj", "{A8336036-5B9A-4299-B827-2F1C68B6EFCF}"
EndProject
Project("{FAE04EC0-301F-11D3-BF4B-00C04F79EFBC}") = "LGMPulse.Domain", "LGMPulse.Domain\LGMPulse.Domain.csproj", "{B4565837-D761-454C-9F05-C8D85734FE24}"
EndProject
Project("{2150E333-8FDC-42A3-9474-1A3956D46DE8}") = "Solution Items", "Solution Items", "{DBF858F9-1E7E-4FDA-8374-6784E582A628}"
	ProjectSection(SolutionItems) = preProject
		.editorconfig = .editorconfig
	EndProjectSection
EndProject
Project("{FAE04EC0-301F-11D3-BF4B-00C04F79EFBC}") = "LGMPulse.Persistence", "LGMPulse.Persistence\LGMPulse.Persistence.csproj", "{3AC8C029-9844-4FB8-B8CD-B187DF3E62B8}"
EndProject
Global
	GlobalSection(SolutionConfigurationPlatforms) = preSolution
		Debug|Any CPU = Debug|Any CPU
		Release|Any CPU = Release|Any CPU
	EndGlobalSection
	GlobalSection(ProjectConfigurationPlatforms) = postSolution
		{EC9EE394-8CC7-47F1-8037-14846B39C60D}.Debug|Any CPU.ActiveCfg = Debug|Any CPU
		{EC9EE394-8CC7-47F1-8037-14846B39C60D}.Debug|Any CPU.Build.0 = Debug|Any CPU
		{EC9EE394-8CC7-47F1-8037-14846B39C60D}.Release|Any CPU.ActiveCfg = Release|Any CPU
		{EC9EE394-8CC7-47F1-8037-14846B39C60D}.Release|Any CPU.Build.0 = Release|Any CPU
		{E5AA5E33-CB63-BE0D-A805-86E438FC639A}.Debug|Any CPU.ActiveCfg = Debug|Any CPU
		{E5AA5E33-CB63-BE0D-A805-86E438FC639A}.Debug|Any CPU.Build.0 = Debug|Any CPU
		{E5AA5E33-CB63-BE0D-A805-86E438FC639A}.Release|Any CPU.ActiveCfg = Release|Any CPU
		{E5AA5E33-CB63-BE0D-A805-86E438FC639A}.Release|Any CPU.Build.0 = Release|Any CPU
		{76AB89D8-FFF8-DCCD-AB63-F29C645F035F}.Debug|Any CPU.ActiveCfg = Debug|Any CPU
		{76AB89D8-FFF8-DCCD-AB63-F29C645F035F}.Debug|Any CPU.Build.0 = Debug|Any CPU
		{76AB89D8-FFF8-DCCD-AB63-F29C645F035F}.Release|Any CPU.ActiveCfg = Release|Any CPU
		{76AB89D8-FFF8-DCCD-AB63-F29C645F035F}.Release|Any CPU.Build.0 = Release|Any CPU
		{2808F4F6-00FB-8138-9B4C-83426B00FF60}.Debug|Any CPU.ActiveCfg = Debug|Any CPU
		{2808F4F6-00FB-8138-9B4C-83426B00FF60}.Debug|Any CPU.Build.0 = Debug|Any CPU
		{2808F4F6-00FB-8138-9B4C-83426B00FF60}.Release|Any CPU.ActiveCfg = Release|Any CPU
		{2808F4F6-00FB-8138-9B4C-83426B00FF60}.Release|Any CPU.Build.0 = Release|Any CPU
		{C47677AF-237D-4577-9F72-53A9DBCE9A3F}.Debug|Any CPU.ActiveCfg = Debug|Any CPU
		{C47677AF-237D-4577-9F72-53A9DBCE9A3F}.Debug|Any CPU.Build.0 = Debug|Any CPU
		{C47677AF-237D-4577-9F72-53A9DBCE9A3F}.Release|Any CPU.ActiveCfg = Release|Any CPU
		{C47677AF-237D-4577-9F72-53A9DBCE9A3F}.Release|Any CPU.Build.0 = Release|Any CPU
		{A8336036-5B9A-4299-B827-2F1C68B6EFCF}.Debug|Any CPU.ActiveCfg = Debug|Any CPU
		{A8336036-5B9A-4299-B827-2F1C68B6EFCF}.Debug|Any CPU.Build.0 = Debug|Any CPU
		{A8336036-5B9A-4299-B827-2F1C68B6EFCF}.Release|Any CPU.ActiveCfg = Release|Any CPU
		{A8336036-5B9A-4299-B827-2F1C68B6EFCF}.Release|Any CPU.Build.0 = Release|Any CPU
		{B4565837-D761-454C-9F05-C8D85734FE24}.Debug|Any CPU.ActiveCfg = Debug|Any CPU
		{B4565837-D761-454C-9F05-C8D85734FE24}.Debug|Any CPU.Build.0 = Debug|Any CPU
		{B4565837-D761-454C-9F05-C8D85734FE24}.Release|Any CPU.ActiveCfg = Release|Any CPU
		{B4565837-D761-454C-9F05-C8D85734FE24}.Release|Any CPU.Build.0 = Release|Any CPU
		{3AC8C029-9844-4FB8-B8CD-B187DF3E62B8}.Debug|Any CPU.ActiveCfg = Debug|Any CPU
		{3AC8C029-9844-4FB8-B8CD-B187DF3E62B8}.Debug|Any CPU.Build.0 = Debug|Any CPU
		{3AC8C029-9844-4FB8-B8CD-B187DF3E62B8}.Release|Any CPU.ActiveCfg = Release|Any CPU
		{3AC8C029-9844-4FB8-B8CD-B187DF3E62B8}.Release|Any CPU.Build.0 = Release|Any CPU
	EndGlobalSection
	GlobalSection(SolutionProperties) = preSolution
		HideSolutionNode = FALSE
	EndGlobalSection
	GlobalSection(NestedProjects) = preSolution
		{EC9EE394-8CC7-47F1-8037-14846B39C60D} = {02EA681E-C7D8-13C7-8484-4AC65E1B71E8}
		{E5AA5E33-CB63-BE0D-A805-86E438FC639A} = {F6527E83-6D6E-473E-8976-842FD7DC6359}
		{76AB89D8-FFF8-DCCD-AB63-F29C645F035F} = {F6527E83-6D6E-473E-8976-842FD7DC6359}
		{2808F4F6-00FB-8138-9B4C-83426B00FF60} = {8F8D1237-0A9F-483F-A8C9-A0BDC95672C7}
		{C47677AF-237D-4577-9F72-53A9DBCE9A3F} = {536A6CD2-5C88-4285-8EC8-84C988194695}
		{A8336036-5B9A-4299-B827-2F1C68B6EFCF} = {8F8D1237-0A9F-483F-A8C9-A0BDC95672C7}
		{B4565837-D761-454C-9F05-C8D85734FE24} = {F6527E83-6D6E-473E-8976-842FD7DC6359}
		{3AC8C029-9844-4FB8-B8CD-B187DF3E62B8} = {8F8D1237-0A9F-483F-A8C9-A0BDC95672C7}
	EndGlobalSection
	GlobalSection(ExtensibilityGlobals) = postSolution
		SolutionGuid = {01B300F9-31B7-4556-A053-883A525FEE1A}
	EndGlobalSection
EndGlobal
